// !$*UTF8*$!
{
	archiveVersion = 1;
	classes = {
	};
	objectVersion = 46;
	objects = {

/* Begin PBXBuildFile section */
		782A9BC413CFA49E0021CF7F /* HSRequestQueue.rb in Resources */ = {isa = PBXBuildFile; fileRef = 782A9BC313CFA49E0021CF7F /* HSRequestQueue.rb */; };
		7847501C13C5620A0065D4F1 /* HSAppDelegate.rb in Resources */ = {isa = PBXBuildFile; fileRef = 7847501213C5620A0065D4F1 /* HSAppDelegate.rb */; };
		7847501E13C5620A0065D4F1 /* HSCalendarPasswordControllerVoid.rb in Resources */ = {isa = PBXBuildFile; fileRef = 7847501413C5620A0065D4F1 /* HSCalendarPasswordControllerVoid.rb */; };
		7847501F13C5620A0065D4F1 /* HSCalendarsController.rb in Resources */ = {isa = PBXBuildFile; fileRef = 7847501513C5620A0065D4F1 /* HSCalendarsController.rb */; };
		7847502013C5620A0065D4F1 /* HSLocationsController.rb in Resources */ = {isa = PBXBuildFile; fileRef = 7847501613C5620A0065D4F1 /* HSLocationsController.rb */; };
		7847502113C5620A0065D4F1 /* HSLogViewController.rb in Resources */ = {isa = PBXBuildFile; fileRef = 7847501713C5620A0065D4F1 /* HSLogViewController.rb */; };
		7847502213C5620A0065D4F1 /* HSPopupWindow.rb in Resources */ = {isa = PBXBuildFile; fileRef = 7847501813C5620A0065D4F1 /* HSPopupWindow.rb */; };
		7847502313C5620A0065D4F1 /* HSStatusBarController.rb in Resources */ = {isa = PBXBuildFile; fileRef = 7847501913C5620A0065D4F1 /* HSStatusBarController.rb */; };
		7847502413C5620A0065D4F1 /* HSStringArrayForPopupMenuTransformer.m in Sources */ = {isa = PBXBuildFile; fileRef = 7847501B13C5620A0065D4F1 /* HSStringArrayForPopupMenuTransformer.m */; };
		7847502B13C5622D0065D4F1 /* main.m in Sources */ = {isa = PBXBuildFile; fileRef = 7847502713C5622D0065D4F1 /* main.m */; };
		7847502C13C5622D0065D4F1 /* main.rb in Resources */ = {isa = PBXBuildFile; fileRef = 7847502813C5622D0065D4F1 /* main.rb */; };
		7847502D13C5622D0065D4F1 /* README in Resources */ = {isa = PBXBuildFile; fileRef = 7847502913C5622D0065D4F1 /* README */; };
		7847503413C562560065D4F1 /* StatusBarIcon.png in Resources */ = {isa = PBXBuildFile; fileRef = 7847503013C562560065D4F1 /* StatusBarIcon.png */; };
		7847503613C562560065D4F1 /* stop_green_button.png in Resources */ = {isa = PBXBuildFile; fileRef = 7847503213C562560065D4F1 /* stop_green_button.png */; };
		7847504413C562600065D4F1 /* HSCalendarsController.xib in Resources */ = {isa = PBXBuildFile; fileRef = 7847503E13C562600065D4F1 /* HSCalendarsController.xib */; };
		7847504513C562600065D4F1 /* HSLocationsController.xib in Resources */ = {isa = PBXBuildFile; fileRef = 7847503F13C562600065D4F1 /* HSLocationsController.xib */; };
		7847504613C562600065D4F1 /* HSLogViewController.xib in Resources */ = {isa = PBXBuildFile; fileRef = 7847504013C562600065D4F1 /* HSLogViewController.xib */; };
		7847505113C562F00065D4F1 /* HSStatusBar.xib in Resources */ = {isa = PBXBuildFile; fileRef = 7847505013C562F00065D4F1 /* HSStatusBar.xib */; };
		7847505513C563010065D4F1 /* InfoPlist.strings in Resources */ = {isa = PBXBuildFile; fileRef = 7847505313C563010065D4F1 /* InfoPlist.strings */; };
		7847505713C564870065D4F1 /* HSGCalController.rb in Resources */ = {isa = PBXBuildFile; fileRef = 7847505613C564870065D4F1 /* HSGCalController.rb */; };
		7847506713C6541C0065D4F1 /* HSApplication.rb in Resources */ = {isa = PBXBuildFile; fileRef = 7847506613C6541C0065D4F1 /* HSApplication.rb */; };
		7847508613C7FCF70065D4F1 /* record_button.png in Resources */ = {isa = PBXBuildFile; fileRef = 7847508513C7FCF70065D4F1 /* record_button.png */; };
		7847508813C7FF870065D4F1 /* LICENSE in Resources */ = {isa = PBXBuildFile; fileRef = 7847508713C7FF870065D4F1 /* LICENSE */; };
		78BF425E16137A5600B84E29 /* Security.framework in Frameworks */ = {isa = PBXBuildFile; fileRef = 78BF425D16137A5600B84E29 /* Security.framework */; };
		78BF426016137A6B00B84E29 /* ApplicationServices.framework in Frameworks */ = {isa = PBXBuildFile; fileRef = 78BF425F16137A6B00B84E29 /* ApplicationServices.framework */; };
		78BF426216137A7C00B84E29 /* Cocoa.framework in Frameworks */ = {isa = PBXBuildFile; fileRef = 78BF426116137A7C00B84E29 /* Cocoa.framework */; };
		78BF426716137CE400B84E29 /* MacRuby.framework in Frameworks */ = {isa = PBXBuildFile; fileRef = 78BF426616137CE400B84E29 /* MacRuby.framework */; };
		78BF426C1613864400B84E29 /* gems in Resources */ = {isa = PBXBuildFile; fileRef = 78BF426B1613864400B84E29 /* gems */; };
		78BF426F16138B0900B84E29 /* HSBubbleView.m in Sources */ = {isa = PBXBuildFile; fileRef = 78BF426E16138B0900B84E29 /* HSBubbleView.m */; };
		A9FAB7271511984800E1666F /* HSCalendarPasswordController.m in Sources */ = {isa = PBXBuildFile; fileRef = A9FAB7261511984700E1666F /* HSCalendarPasswordController.m */; };
/* End PBXBuildFile section */

/* Begin PBXFileReference section */
		782A9BC313CFA49E0021CF7F /* HSRequestQueue.rb */ = {isa = PBXFileReference; fileEncoding = 4; lastKnownFileType = text.script.ruby; path = HSRequestQueue.rb; sourceTree = "<group>"; };
		7847501213C5620A0065D4F1 /* HSAppDelegate.rb */ = {isa = PBXFileReference; fileEncoding = 4; lastKnownFileType = text.script.ruby; name = HSAppDelegate.rb; path = Classes/HSAppDelegate.rb; sourceTree = SOURCE_ROOT; };
		7847501313C5620A0065D4F1 /* HSBubbleView.rb */ = {isa = PBXFileReference; fileEncoding = 4; lastKnownFileType = text.script.ruby; name = HSBubbleView.rb; path = Classes/HSBubbleView.rb; sourceTree = SOURCE_ROOT; };
		7847501413C5620A0065D4F1 /* HSCalendarPasswordControllerVoid.rb */ = {isa = PBXFileReference; fileEncoding = 4; lastKnownFileType = text.script.ruby; name = HSCalendarPasswordControllerVoid.rb; path = Classes/HSCalendarPasswordControllerVoid.rb; sourceTree = SOURCE_ROOT; };
		7847501513C5620A0065D4F1 /* HSCalendarsController.rb */ = {isa = PBXFileReference; fileEncoding = 4; lastKnownFileType = text.script.ruby; name = HSCalendarsController.rb; path = Classes/HSCalendarsController.rb; sourceTree = SOURCE_ROOT; };
		7847501613C5620A0065D4F1 /* HSLocationsController.rb */ = {isa = PBXFileReference; fileEncoding = 4; lastKnownFileType = text.script.ruby; name = HSLocationsController.rb; path = Classes/HSLocationsController.rb; sourceTree = SOURCE_ROOT; };
		7847501713C5620A0065D4F1 /* HSLogViewController.rb */ = {isa = PBXFileReference; fileEncoding = 4; lastKnownFileType = text.script.ruby; name = HSLogViewController.rb; path = Classes/HSLogViewController.rb; sourceTree = SOURCE_ROOT; };
		7847501813C5620A0065D4F1 /* HSPopupWindow.rb */ = {isa = PBXFileReference; fileEncoding = 4; lastKnownFileType = text.script.ruby; name = HSPopupWindow.rb; path = Classes/HSPopupWindow.rb; sourceTree = SOURCE_ROOT; };
		7847501913C5620A0065D4F1 /* HSStatusBarController.rb */ = {isa = PBXFileReference; fileEncoding = 4; lastKnownFileType = text.script.ruby; name = HSStatusBarController.rb; path = Classes/HSStatusBarController.rb; sourceTree = SOURCE_ROOT; };
		7847501A13C5620A0065D4F1 /* HSStringArrayForPopupMenuTransformer.h */ = {isa = PBXFileReference; fileEncoding = 4; lastKnownFileType = sourcecode.c.h; name = HSStringArrayForPopupMenuTransformer.h; path = Classes/HSStringArrayForPopupMenuTransformer.h; sourceTree = SOURCE_ROOT; };
		7847501B13C5620A0065D4F1 /* HSStringArrayForPopupMenuTransformer.m */ = {isa = PBXFileReference; fileEncoding = 4; lastKnownFileType = sourcecode.c.objc; name = HSStringArrayForPopupMenuTransformer.m; path = Classes/HSStringArrayForPopupMenuTransformer.m; sourceTree = SOURCE_ROOT; };
		7847502513C5622D0065D4F1 /* Hours-Info.plist */ = {isa = PBXFileReference; fileEncoding = 4; lastKnownFileType = text.plist.xml; name = "Hours-Info.plist"; path = "Supporting Files/Hours-Info.plist"; sourceTree = SOURCE_ROOT; };
		7847502613C5622D0065D4F1 /* Hours-Prefix.pch */ = {isa = PBXFileReference; fileEncoding = 4; lastKnownFileType = sourcecode.c.h; name = "Hours-Prefix.pch"; path = "Supporting Files/Hours-Prefix.pch"; sourceTree = SOURCE_ROOT; };
		7847502713C5622D0065D4F1 /* main.m */ = {isa = PBXFileReference; fileEncoding = 4; lastKnownFileType = sourcecode.c.objc; name = main.m; path = "Supporting Files/main.m"; sourceTree = SOURCE_ROOT; };
		7847502813C5622D0065D4F1 /* main.rb */ = {isa = PBXFileReference; fileEncoding = 4; lastKnownFileType = text.script.ruby; name = main.rb; path = "Supporting Files/main.rb"; sourceTree = SOURCE_ROOT; };
		7847502913C5622D0065D4F1 /* README */ = {isa = PBXFileReference; fileEncoding = 4; lastKnownFileType = text; path = README; sourceTree = SOURCE_ROOT; };
		7847503013C562560065D4F1 /* StatusBarIcon.png */ = {isa = PBXFileReference; lastKnownFileType = image.png; name = StatusBarIcon.png; path = Resources/Images/StatusBarIcon.png; sourceTree = SOURCE_ROOT; };
		7847503213C562560065D4F1 /* stop_green_button.png */ = {isa = PBXFileReference; lastKnownFileType = image.png; name = stop_green_button.png; path = Resources/Images/stop_green_button.png; sourceTree = SOURCE_ROOT; };
		7847503E13C562600065D4F1 /* HSCalendarsController.xib */ = {isa = PBXFileReference; fileEncoding = 4; lastKnownFileType = file.xib; name = HSCalendarsController.xib; path = "Resources/XIB files/HSCalendarsController.xib"; sourceTree = SOURCE_ROOT; };
		7847503F13C562600065D4F1 /* HSLocationsController.xib */ = {isa = PBXFileReference; fileEncoding = 4; lastKnownFileType = file.xib; name = HSLocationsController.xib; path = "Resources/XIB files/HSLocationsController.xib"; sourceTree = SOURCE_ROOT; };
		7847504013C562600065D4F1 /* HSLogViewController.xib */ = {isa = PBXFileReference; fileEncoding = 4; lastKnownFileType = file.xib; name = HSLogViewController.xib; path = "Resources/XIB files/HSLogViewController.xib"; sourceTree = SOURCE_ROOT; };
		7847505013C562F00065D4F1 /* HSStatusBar.xib */ = {isa = PBXFileReference; fileEncoding = 4; lastKnownFileType = file.xib; name = HSStatusBar.xib; path = "Resources/XIB files/HSStatusBar.xib"; sourceTree = SOURCE_ROOT; };
		7847505313C563010065D4F1 /* InfoPlist.strings */ = {isa = PBXFileReference; fileEncoding = 4; lastKnownFileType = text.plist.strings; name = InfoPlist.strings; path = "Supporting Files/InfoPlist.strings"; sourceTree = SOURCE_ROOT; };
		7847505613C564870065D4F1 /* HSGCalController.rb */ = {isa = PBXFileReference; explicitFileType = text.script.ruby; fileEncoding = 4; name = HSGCalController.rb; path = Classes/HSGCalController.rb; sourceTree = SOURCE_ROOT; };
		7847506613C6541C0065D4F1 /* HSApplication.rb */ = {isa = PBXFileReference; fileEncoding = 4; lastKnownFileType = text.script.ruby; name = HSApplication.rb; path = Classes/HSApplication.rb; sourceTree = SOURCE_ROOT; };
		7847508513C7FCF70065D4F1 /* record_button.png */ = {isa = PBXFileReference; lastKnownFileType = image.png; name = record_button.png; path = Resources/Images/record_button.png; sourceTree = SOURCE_ROOT; };
		7847508713C7FF870065D4F1 /* LICENSE */ = {isa = PBXFileReference; fileEncoding = 4; lastKnownFileType = text; path = LICENSE; sourceTree = SOURCE_ROOT; };
		78508F6E13C019A1009F2261 /* Hours.app */ = {isa = PBXFileReference; explicitFileType = wrapper.application; includeInIndex = 0; path = Hours.app; sourceTree = BUILT_PRODUCTS_DIR; };
		78BF425D16137A5600B84E29 /* Security.framework */ = {isa = PBXFileReference; lastKnownFileType = wrapper.framework; name = Security.framework; path = Platforms/MacOSX.platform/Developer/SDKs/MacOSX10.7.sdk/System/Library/Frameworks/Security.framework; sourceTree = DEVELOPER_DIR; };
		78BF425F16137A6B00B84E29 /* ApplicationServices.framework */ = {isa = PBXFileReference; lastKnownFileType = wrapper.framework; name = ApplicationServices.framework; path = Platforms/MacOSX.platform/Developer/SDKs/MacOSX10.7.sdk/System/Library/Frameworks/ApplicationServices.framework; sourceTree = DEVELOPER_DIR; };
		78BF426116137A7C00B84E29 /* Cocoa.framework */ = {isa = PBXFileReference; lastKnownFileType = wrapper.framework; name = Cocoa.framework; path = Platforms/MacOSX.platform/Developer/SDKs/MacOSX10.7.sdk/System/Library/Frameworks/Cocoa.framework; sourceTree = DEVELOPER_DIR; };
		78BF426616137CE400B84E29 /* MacRuby.framework */ = {isa = PBXFileReference; lastKnownFileType = wrapper.framework; name = MacRuby.framework; path = /Library/Frameworks/MacRuby.framework; sourceTree = "<absolute>"; };
		78BF426B1613864400B84E29 /* gems */ = {isa = PBXFileReference; lastKnownFileType = folder; path = gems; sourceTree = SOURCE_ROOT; };
		78BF426D16138B0900B84E29 /* HSBubbleView.h */ = {isa = PBXFileReference; fileEncoding = 4; lastKnownFileType = sourcecode.c.h; path = HSBubbleView.h; sourceTree = "<group>"; };
		78BF426E16138B0900B84E29 /* HSBubbleView.m */ = {isa = PBXFileReference; fileEncoding = 4; lastKnownFileType = sourcecode.c.objc; path = HSBubbleView.m; sourceTree = "<group>"; };
		A9FAB7251511984700E1666F /* HSCalendarPasswordController.h */ = {isa = PBXFileReference; fileEncoding = 4; lastKnownFileType = sourcecode.c.h; path = HSCalendarPasswordController.h; sourceTree = "<group>"; };
		A9FAB7261511984700E1666F /* HSCalendarPasswordController.m */ = {isa = PBXFileReference; fileEncoding = 4; lastKnownFileType = sourcecode.c.objc; path = HSCalendarPasswordController.m; sourceTree = "<group>"; };
/* End PBXFileReference section */

/* Begin PBXFrameworksBuildPhase section */
		78508F6B13C019A1009F2261 /* Frameworks */ = {
			isa = PBXFrameworksBuildPhase;
			buildActionMask = 2147483647;
			files = (
				78BF426716137CE400B84E29 /* MacRuby.framework in Frameworks */,
				78BF426216137A7C00B84E29 /* Cocoa.framework in Frameworks */,
				78BF426016137A6B00B84E29 /* ApplicationServices.framework in Frameworks */,
				78BF425E16137A5600B84E29 /* Security.framework in Frameworks */,
			);
			runOnlyForDeploymentPostprocessing = 0;
		};
/* End PBXFrameworksBuildPhase section */

/* Begin PBXGroup section */
		7847502E13C5623F0065D4F1 /* Images */ = {
			isa = PBXGroup;
			children = (
				7847508513C7FCF70065D4F1 /* record_button.png */,
				7847503013C562560065D4F1 /* StatusBarIcon.png */,
				7847503213C562560065D4F1 /* stop_green_button.png */,
			);
			name = Images;
			sourceTree = "<group>";
		};
		78508F6313C019A0009F2261 = {
			isa = PBXGroup;
			children = (
				7847508713C7FF870065D4F1 /* LICENSE */,
				7847502913C5622D0065D4F1 /* README */,
				78508F7813C019A1009F2261 /* Hours */,
				78508F7113C019A1009F2261 /* Frameworks */,
				78508F9F13C24A77009F2261 /* Resources */,
				78508F6F13C019A1009F2261 /* Products */,
			);
			sourceTree = "<group>";
		};
		78508F6F13C019A1009F2261 /* Products */ = {
			isa = PBXGroup;
			children = (
				78508F6E13C019A1009F2261 /* Hours.app */,
			);
			name = Products;
			sourceTree = "<group>";
		};
		78508F7113C019A1009F2261 /* Frameworks */ = {
			isa = PBXGroup;
			children = (
				78BF426616137CE400B84E29 /* MacRuby.framework */,
				78BF426116137A7C00B84E29 /* Cocoa.framework */,
				78BF425F16137A6B00B84E29 /* ApplicationServices.framework */,
				78BF425D16137A5600B84E29 /* Security.framework */,
			);
			name = Frameworks;
			sourceTree = "<group>";
		};
		78508F7813C019A1009F2261 /* Hours */ = {
			isa = PBXGroup;
			children = (
				789F383813C5602E00234820 /* Classes */,
				78508F7913C019A1009F2261 /* Supporting Files */,
			);
			name = Hours;
			sourceTree = "<group>";
		};
		78508F7913C019A1009F2261 /* Supporting Files */ = {
			isa = PBXGroup;
			children = (
				7847505313C563010065D4F1 /* InfoPlist.strings */,
				7847502513C5622D0065D4F1 /* Hours-Info.plist */,
				7847502613C5622D0065D4F1 /* Hours-Prefix.pch */,
				7847502713C5622D0065D4F1 /* main.m */,
				7847502813C5622D0065D4F1 /* main.rb */,
			);
			path = "Supporting Files";
			sourceTree = "<group>";
		};
		78508F9F13C24A77009F2261 /* Resources */ = {
			isa = PBXGroup;
			children = (
				78BF426B1613864400B84E29 /* gems */,
				7847502E13C5623F0065D4F1 /* Images */,
				789F383713C5600700234820 /* XIB files */,
			);
			path = Resources;
			sourceTree = "<group>";
		};
		789F383713C5600700234820 /* XIB files */ = {
			isa = PBXGroup;
			children = (
				7847503E13C562600065D4F1 /* HSCalendarsController.xib */,
				7847503F13C562600065D4F1 /* HSLocationsController.xib */,
				7847504013C562600065D4F1 /* HSLogViewController.xib */,
				7847505013C562F00065D4F1 /* HSStatusBar.xib */,
			);
			name = "XIB files";
			sourceTree = "<group>";
		};
		789F383813C5602E00234820 /* Classes */ = {
			isa = PBXGroup;
			children = (
				7847506613C6541C0065D4F1 /* HSApplication.rb */,
				7847501213C5620A0065D4F1 /* HSAppDelegate.rb */,
				7847501313C5620A0065D4F1 /* HSBubbleView.rb */,
				78BF426D16138B0900B84E29 /* HSBubbleView.h */,
				78BF426E16138B0900B84E29 /* HSBubbleView.m */,
				7847501513C5620A0065D4F1 /* HSCalendarsController.rb */,
				7847501413C5620A0065D4F1 /* HSCalendarPasswordControllerVoid.rb */,
				7847505613C564870065D4F1 /* HSGCalController.rb */,
				7847501613C5620A0065D4F1 /* HSLocationsController.rb */,
				7847501713C5620A0065D4F1 /* HSLogViewController.rb */,
				7847501813C5620A0065D4F1 /* HSPopupWindow.rb */,
				782A9BC313CFA49E0021CF7F /* HSRequestQueue.rb */,
				7847501913C5620A0065D4F1 /* HSStatusBarController.rb */,
				7847501A13C5620A0065D4F1 /* HSStringArrayForPopupMenuTransformer.h */,
				7847501B13C5620A0065D4F1 /* HSStringArrayForPopupMenuTransformer.m */,
				A9FAB7251511984700E1666F /* HSCalendarPasswordController.h */,
				A9FAB7261511984700E1666F /* HSCalendarPasswordController.m */,
			);
			path = Classes;
			sourceTree = "<group>";
		};
/* End PBXGroup section */

/* Begin PBXNativeTarget section */
		78508F6D13C019A1009F2261 /* Hours */ = {
			isa = PBXNativeTarget;
			buildConfigurationList = 78508F8C13C019A1009F2261 /* Build configuration list for PBXNativeTarget "Hours" */;
			buildPhases = (
				78508F6A13C019A1009F2261 /* Sources */,
				78508F6B13C019A1009F2261 /* Frameworks */,
				78508F6C13C019A1009F2261 /* Resources */,
			);
			buildRules = (
			);
			dependencies = (
			);
			name = Hours;
			productName = Hours;
			productReference = 78508F6E13C019A1009F2261 /* Hours.app */;
			productType = "com.apple.product-type.application";
		};
/* End PBXNativeTarget section */

/* Begin PBXProject section */
		78508F6513C019A1009F2261 /* Project object */ = {
			isa = PBXProject;
			attributes = {
				CLASSPREFIX = HS;
				ORGANIZATIONNAME = igorsales.ca;
			};
			buildConfigurationList = 78508F6813C019A1009F2261 /* Build configuration list for PBXProject "Hours" */;
			compatibilityVersion = "Xcode 3.2";
			developmentRegion = English;
			hasScannedForEncodings = 0;
			knownRegions = (
				en,
			);
			mainGroup = 78508F6313C019A0009F2261;
			productRefGroup = 78508F6F13C019A1009F2261 /* Products */;
			projectDirPath = "";
			projectRoot = "";
			targets = (
				78508F6D13C019A1009F2261 /* Hours */,
			);
		};
/* End PBXProject section */

/* Begin PBXResourcesBuildPhase section */
		78508F6C13C019A1009F2261 /* Resources */ = {
			isa = PBXResourcesBuildPhase;
			buildActionMask = 2147483647;
			files = (
				7847501C13C5620A0065D4F1 /* HSAppDelegate.rb in Resources */,
				7847501E13C5620A0065D4F1 /* HSCalendarPasswordControllerVoid.rb in Resources */,
				7847501F13C5620A0065D4F1 /* HSCalendarsController.rb in Resources */,
				7847502013C5620A0065D4F1 /* HSLocationsController.rb in Resources */,
				7847502113C5620A0065D4F1 /* HSLogViewController.rb in Resources */,
				7847502213C5620A0065D4F1 /* HSPopupWindow.rb in Resources */,
				7847502313C5620A0065D4F1 /* HSStatusBarController.rb in Resources */,
				7847502C13C5622D0065D4F1 /* main.rb in Resources */,
				7847502D13C5622D0065D4F1 /* README in Resources */,
				7847503413C562560065D4F1 /* StatusBarIcon.png in Resources */,
				7847503613C562560065D4F1 /* stop_green_button.png in Resources */,
				7847504413C562600065D4F1 /* HSCalendarsController.xib in Resources */,
				7847504513C562600065D4F1 /* HSLocationsController.xib in Resources */,
				7847504613C562600065D4F1 /* HSLogViewController.xib in Resources */,
				7847505113C562F00065D4F1 /* HSStatusBar.xib in Resources */,
				7847505513C563010065D4F1 /* InfoPlist.strings in Resources */,
				7847505713C564870065D4F1 /* HSGCalController.rb in Resources */,
				7847506713C6541C0065D4F1 /* HSApplication.rb in Resources */,
				7847508613C7FCF70065D4F1 /* record_button.png in Resources */,
				7847508813C7FF870065D4F1 /* LICENSE in Resources */,
				782A9BC413CFA49E0021CF7F /* HSRequestQueue.rb in Resources */,
				78BF426C1613864400B84E29 /* gems in Resources */,
			);
			runOnlyForDeploymentPostprocessing = 0;
		};
/* End PBXResourcesBuildPhase section */

/* Begin PBXSourcesBuildPhase section */
		78508F6A13C019A1009F2261 /* Sources */ = {
			isa = PBXSourcesBuildPhase;
			buildActionMask = 2147483647;
			files = (
				7847502413C5620A0065D4F1 /* HSStringArrayForPopupMenuTransformer.m in Sources */,
				7847502B13C5622D0065D4F1 /* main.m in Sources */,
				A9FAB7271511984800E1666F /* HSCalendarPasswordController.m in Sources */,
				78BF426F16138B0900B84E29 /* HSBubbleView.m in Sources */,
			);
			runOnlyForDeploymentPostprocessing = 0;
		};
/* End PBXSourcesBuildPhase section */

/* Begin XCBuildConfiguration section */
		78508F8A13C019A1009F2261 /* Debug */ = {
			isa = XCBuildConfiguration;
			buildSettings = {
				ARCHS = "$(ARCHS_STANDARD_32_64_BIT)";
				GCC_C_LANGUAGE_STANDARD = gnu99;
				GCC_OPTIMIZATION_LEVEL = 0;
				GCC_PREPROCESSOR_DEFINITIONS = DEBUG;
				GCC_SYMBOLS_PRIVATE_EXTERN = NO;
				GCC_VERSION = com.apple.compilers.llvm.clang.1_0;
				GCC_WARN_64_TO_32_BIT_CONVERSION = YES;
				GCC_WARN_ABOUT_RETURN_TYPE = YES;
				GCC_WARN_UNUSED_VARIABLE = YES;
				MACOSX_DEPLOYMENT_TARGET = 10.6;
				ONLY_ACTIVE_ARCH = YES;
				SDKROOT = macosx10.5;
			};
			name = Debug;
		};
		78508F8B13C019A1009F2261 /* Release */ = {
			isa = XCBuildConfiguration;
			buildSettings = {
				ARCHS = "$(ARCHS_STANDARD_32_64_BIT)";
				GCC_C_LANGUAGE_STANDARD = gnu99;
				GCC_VERSION = com.apple.compilers.llvm.clang.1_0;
				GCC_WARN_64_TO_32_BIT_CONVERSION = YES;
				GCC_WARN_ABOUT_RETURN_TYPE = YES;
				GCC_WARN_UNUSED_VARIABLE = YES;
				MACOSX_DEPLOYMENT_TARGET = 10.6;
				SDKROOT = macosx10.5;
			};
			name = Release;
		};
		78508F8D13C019A1009F2261 /* Debug */ = {
			isa = XCBuildConfiguration;
			buildSettings = {
				ALWAYS_SEARCH_USER_PATHS = NO;
				COPY_PHASE_STRIP = NO;
				FRAMEWORK_SEARCH_PATHS = /Library/Frameworks;
				GCC_DYNAMIC_NO_PIC = NO;
				GCC_ENABLE_OBJC_EXCEPTIONS = YES;
				GCC_ENABLE_OBJC_GC = supported;
				GCC_PRECOMPILE_PREFIX_HEADER = YES;
				GCC_PREFIX_HEADER = "Supporting Files/Hours-Prefix.pch";
				INFOPLIST_FILE = "Supporting Files/Hours-Info.plist";
				MACOSX_DEPLOYMENT_TARGET = 10.7;
				PRODUCT_NAME = "$(TARGET_NAME)";
				SDKROOT = macosx10.7;
				WRAPPER_EXTENSION = app;
			};
			name = Debug;
		};
		78508F8E13C019A1009F2261 /* Release */ = {
			isa = XCBuildConfiguration;
			buildSettings = {
				ALWAYS_SEARCH_USER_PATHS = NO;
				COPY_PHASE_STRIP = YES;
				DEBUG_INFORMATION_FORMAT = "dwarf-with-dsym";
				FRAMEWORK_SEARCH_PATHS = /Library/Frameworks;
				GCC_ENABLE_OBJC_EXCEPTIONS = YES;
				GCC_ENABLE_OBJC_GC = supported;
				GCC_PRECOMPILE_PREFIX_HEADER = YES;
				GCC_PREFIX_HEADER = "Supporting Files/Hours-Prefix.pch";
				INFOPLIST_FILE = "Supporting Files/Hours-Info.plist";
				MACOSX_DEPLOYMENT_TARGET = 10.7;
				PRODUCT_NAME = "$(TARGET_NAME)";
				SDKROOT = macosx10.7;
				WRAPPER_EXTENSION = app;
			};
			name = Release;
		};
/* End XCBuildConfiguration section */

/* Begin XCConfigurationList section */
		78508F6813C019A1009F2261 /* Build configuration list for PBXProject "Hours" */ = {
			isa = XCConfigurationList;
			buildConfigurations = (
				78508F8A13C019A1009F2261 /* Debug */,
				78508F8B13C019A1009F2261 /* Release */,
			);
			defaultConfigurationIsVisible = 0;
			defaultConfigurationName = Release;
		};
		78508F8C13C019A1009F2261 /* Build configuration list for PBXNativeTarget "Hours" */ = {
			isa = XCConfigurationList;
			buildConfigurations = (
				78508F8D13C019A1009F2261 /* Debug */,
				78508F8E13C019A1009F2261 /* Release */,
			);
			defaultConfigurationIsVisible = 0;
			defaultConfigurationName = Release;
		};
/* End XCConfigurationList section */
	};
	rootObject = 78508F6513C019A1009F2261 /* Project object */;
}
